
Microsoft Visual Studio Solution File, Format Version 12.00
Project("{FAE04EC0-301F-11D3-BF4B-00C04F79EFBC}") = "Libraries", "Libraries\Libraries.csproj", "{DF7069A0-A344-45EB-A844-CA8BC63BAEAF}"
EndProject
Project("{FAE04EC0-301F-11D3-BF4B-00C04F79EFBC}") = "BVPVWebServer", "BVPVWebServer\BVPVWebServer.csproj", "{72AA549C-FC16-4449-9A76-258D40E7E3C4}"
EndProject
Project("{FAE04EC0-301F-11D3-BF4B-00C04F79EFBC}") = "BVPVAPIServer", "BVPVAPIServer\BVPVAPIServer.csproj", "{EDA00EF5-2E49-4EB1-B986-425E78D82750}"
EndProject
Global
	GlobalSection(SolutionConfigurationPlatforms) = preSolution
		Debug|Any CPU = Debug|Any CPU
		Release|Any CPU = Release|Any CPU
	EndGlobalSection
	GlobalSection(ProjectConfigurationPlatforms) = postSolution
		{DF7069A0-A344-45EB-A844-CA8BC63BAEAF}.Debug|Any CPU.ActiveCfg = Debug|Any CPU
		{DF7069A0-A344-45EB-A844-CA8BC63BAEAF}.Debug|Any CPU.Build.0 = Debug|Any CPU
		{DF7069A0-A344-45EB-A844-CA8BC63BAEAF}.Release|Any CPU.ActiveCfg = Release|Any CPU
		{DF7069A0-A344-45EB-A844-CA8BC63BAEAF}.Release|Any CPU.Build.0 = Release|Any CPU
		{72AA549C-FC16-4449-9A76-258D40E7E3C4}.Debug|Any CPU.ActiveCfg = Debug|Any CPU
		{72AA549C-FC16-4449-9A76-258D40E7E3C4}.Debug|Any CPU.Build.0 = Debug|Any CPU
		{72AA549C-FC16-4449-9A76-258D40E7E3C4}.Release|Any CPU.ActiveCfg = Release|Any CPU
		{72AA549C-FC16-4449-9A76-258D40E7E3C4}.Release|Any CPU.Build.0 = Release|Any CPU
		{EDA00EF5-2E49-4EB1-B986-425E78D82750}.Debug|Any CPU.ActiveCfg = Debug|Any CPU
		{EDA00EF5-2E49-4EB1-B986-425E78D82750}.Debug|Any CPU.Build.0 = Debug|Any CPU
		{EDA00EF5-2E49-4EB1-B986-425E78D82750}.Release|Any CPU.ActiveCfg = Release|Any CPU
		{EDA00EF5-2E49-4EB1-B986-425E78D82750}.Release|Any CPU.Build.0 = Release|Any CPU
	EndGlobalSection
EndGlobal
